
Microsoft Visual Studio Solution File, Format Version 11.00
# Visual Studio 2010
Project("{FAE04EC0-301F-11D3-BF4B-00C04F79EFBC}") = "6.4.3正则表达式验证用户输入", "6.4.3正则表达式验证用户输入\6.4.3正则表达式验证用户输入.csproj", "{144F82EA-8D68-4524-8C6F-05061FC8E6A5}"
EndProject
Global
	GlobalSection(SolutionConfigurationPlatforms) = preSolution
		Debug|x86 = Debug|x86
		Release|x86 = Release|x86
	EndGlobalSection
	GlobalSection(ProjectConfigurationPlatforms) = postSolution
		{144F82EA-8D68-4524-8C6F-05061FC8E6A5}.Debug|x86.ActiveCfg = Debug|x86
		{144F82EA-8D68-4524-8C6F-05061FC8E6A5}.Debug|x86.Build.0 = Debug|x86
		{144F82EA-8D68-4524-8C6F-05061FC8E6A5}.Release|x86.ActiveCfg = Release|x86
		{144F82EA-8D68-4524-8C6F-05061FC8E6A5}.Release|x86.Build.0 = Release|x86
	EndGlobalSection
	GlobalSection(SolutionProperties) = preSolution
		HideSolutionNode = FALSE
	EndGlobalSection
EndGlobal
