
Microsoft Visual Studio Solution File, Format Version 11.00
# Visual Studio 2010
Project("{FAE04EC0-301F-11D3-BF4B-00C04F79EFBC}") = "3.3.2构造函数", "3.3.2构造函数\3.3.2构造函数.csproj", "{DCD97292-0BF7-4BFF-86AF-668ADC8A73A1}"
EndProject
Global
	GlobalSection(SolutionConfigurationPlatforms) = preSolution
		Debug|x86 = Debug|x86
		Release|x86 = Release|x86
	EndGlobalSection
	GlobalSection(ProjectConfigurationPlatforms) = postSolution
		{DCD97292-0BF7-4BFF-86AF-668ADC8A73A1}.Debug|x86.ActiveCfg = Debug|x86
		{DCD97292-0BF7-4BFF-86AF-668ADC8A73A1}.Debug|x86.Build.0 = Debug|x86
		{DCD97292-0BF7-4BFF-86AF-668ADC8A73A1}.Release|x86.ActiveCfg = Release|x86
		{DCD97292-0BF7-4BFF-86AF-668ADC8A73A1}.Release|x86.Build.0 = Release|x86
	EndGlobalSection
	GlobalSection(SolutionProperties) = preSolution
		HideSolutionNode = FALSE
	EndGlobalSection
EndGlobal
