
Microsoft Visual Studio Solution File, Format Version 11.00
# Visual Studio 2010
Project("{FAE04EC0-301F-11D3-BF4B-00C04F79EFBC}") = "7.7.5HashTable的遍历", "7.7.5HashTable的遍历\7.7.5HashTable的遍历.csproj", "{4F26A27F-0BF4-45A1-A215-17459FF21171}"
EndProject
Global
	GlobalSection(SolutionConfigurationPlatforms) = preSolution
		Debug|x86 = Debug|x86
		Release|x86 = Release|x86
	EndGlobalSection
	GlobalSection(ProjectConfigurationPlatforms) = postSolution
		{4F26A27F-0BF4-45A1-A215-17459FF21171}.Debug|x86.ActiveCfg = Debug|x86
		{4F26A27F-0BF4-45A1-A215-17459FF21171}.Debug|x86.Build.0 = Debug|x86
		{4F26A27F-0BF4-45A1-A215-17459FF21171}.Release|x86.ActiveCfg = Release|x86
		{4F26A27F-0BF4-45A1-A215-17459FF21171}.Release|x86.Build.0 = Release|x86
	EndGlobalSection
	GlobalSection(SolutionProperties) = preSolution
		HideSolutionNode = FALSE
	EndGlobalSection
EndGlobal
