
Microsoft Visual Studio Solution File, Format Version 11.00
# Visual Studio 2010
Project("{FAE04EC0-301F-11D3-BF4B-00C04F79EFBC}") = "3.5多态", "3.5多态\3.5多态.csproj", "{C32E4455-A245-47CD-8BFA-24B4DC43430E}"
EndProject
Global
	GlobalSection(SolutionConfigurationPlatforms) = preSolution
		Debug|x86 = Debug|x86
		Release|x86 = Release|x86
	EndGlobalSection
	GlobalSection(ProjectConfigurationPlatforms) = postSolution
		{C32E4455-A245-47CD-8BFA-24B4DC43430E}.Debug|x86.ActiveCfg = Debug|x86
		{C32E4455-A245-47CD-8BFA-24B4DC43430E}.Debug|x86.Build.0 = Debug|x86
		{C32E4455-A245-47CD-8BFA-24B4DC43430E}.Release|x86.ActiveCfg = Release|x86
		{C32E4455-A245-47CD-8BFA-24B4DC43430E}.Release|x86.Build.0 = Release|x86
	EndGlobalSection
	GlobalSection(SolutionProperties) = preSolution
		HideSolutionNode = FALSE
	EndGlobalSection
EndGlobal
