
Microsoft Visual Studio Solution File, Format Version 11.00
# Visual Studio 2010
Project("{FAE04EC0-301F-11D3-BF4B-00C04F79EFBC}") = "7.2.4数组的查找", "7.2.4数组的查找\7.2.4数组的查找.csproj", "{4D08FEC4-0A28-46FA-8A04-158B0CB75D10}"
EndProject
Global
	GlobalSection(SolutionConfigurationPlatforms) = preSolution
		Debug|x86 = Debug|x86
		Release|x86 = Release|x86
	EndGlobalSection
	GlobalSection(ProjectConfigurationPlatforms) = postSolution
		{4D08FEC4-0A28-46FA-8A04-158B0CB75D10}.Debug|x86.ActiveCfg = Debug|x86
		{4D08FEC4-0A28-46FA-8A04-158B0CB75D10}.Debug|x86.Build.0 = Debug|x86
		{4D08FEC4-0A28-46FA-8A04-158B0CB75D10}.Release|x86.ActiveCfg = Release|x86
		{4D08FEC4-0A28-46FA-8A04-158B0CB75D10}.Release|x86.Build.0 = Release|x86
	EndGlobalSection
	GlobalSection(SolutionProperties) = preSolution
		HideSolutionNode = FALSE
	EndGlobalSection
EndGlobal
