
Microsoft Visual Studio Solution File, Format Version 11.00
# Visual Studio 2010
Project("{FAE04EC0-301F-11D3-BF4B-00C04F79EFBC}") = "HelloWorld_Console", "HelloWorld_Console\HelloWorld_Console.csproj", "{CE402788-6C86-4FE8-B87C-25173394B68D}"
EndProject
Global
	GlobalSection(SolutionConfigurationPlatforms) = preSolution
		Debug|x86 = Debug|x86
		Release|x86 = Release|x86
	EndGlobalSection
	GlobalSection(ProjectConfigurationPlatforms) = postSolution
		{CE402788-6C86-4FE8-B87C-25173394B68D}.Debug|x86.ActiveCfg = Debug|x86
		{CE402788-6C86-4FE8-B87C-25173394B68D}.Debug|x86.Build.0 = Debug|x86
		{CE402788-6C86-4FE8-B87C-25173394B68D}.Release|x86.ActiveCfg = Release|x86
		{CE402788-6C86-4FE8-B87C-25173394B68D}.Release|x86.Build.0 = Release|x86
	EndGlobalSection
	GlobalSection(SolutionProperties) = preSolution
		HideSolutionNode = FALSE
	EndGlobalSection
EndGlobal
