
Microsoft Visual Studio Solution File, Format Version 11.00
# Visual Studio 2010
Project("{FAE04EC0-301F-11D3-BF4B-00C04F79EFBC}") = "4.2.1定义接口", "4.2.1定义接口\4.2.1定义接口.csproj", "{18F8CC49-8FB2-4611-9BE8-5C209D781398}"
EndProject
Global
	GlobalSection(SolutionConfigurationPlatforms) = preSolution
		Debug|x86 = Debug|x86
		Release|x86 = Release|x86
	EndGlobalSection
	GlobalSection(ProjectConfigurationPlatforms) = postSolution
		{18F8CC49-8FB2-4611-9BE8-5C209D781398}.Debug|x86.ActiveCfg = Debug|x86
		{18F8CC49-8FB2-4611-9BE8-5C209D781398}.Debug|x86.Build.0 = Debug|x86
		{18F8CC49-8FB2-4611-9BE8-5C209D781398}.Release|x86.ActiveCfg = Release|x86
		{18F8CC49-8FB2-4611-9BE8-5C209D781398}.Release|x86.Build.0 = Release|x86
	EndGlobalSection
	GlobalSection(SolutionProperties) = preSolution
		HideSolutionNode = FALSE
	EndGlobalSection
EndGlobal
