
Microsoft Visual Studio Solution File, Format Version 11.00
# Visual Studio 2010
Project("{FAE04EC0-301F-11D3-BF4B-00C04F79EFBC}") = "11.1.3文件", "11.1.3文件\11.1.3文件.csproj", "{FA318716-BC89-4FE3-8AAE-86FF4A8CB97E}"
EndProject
Global
	GlobalSection(SolutionConfigurationPlatforms) = preSolution
		Debug|x86 = Debug|x86
		Release|x86 = Release|x86
	EndGlobalSection
	GlobalSection(ProjectConfigurationPlatforms) = postSolution
		{FA318716-BC89-4FE3-8AAE-86FF4A8CB97E}.Debug|x86.ActiveCfg = Debug|x86
		{FA318716-BC89-4FE3-8AAE-86FF4A8CB97E}.Debug|x86.Build.0 = Debug|x86
		{FA318716-BC89-4FE3-8AAE-86FF4A8CB97E}.Release|x86.ActiveCfg = Release|x86
		{FA318716-BC89-4FE3-8AAE-86FF4A8CB97E}.Release|x86.Build.0 = Release|x86
	EndGlobalSection
	GlobalSection(SolutionProperties) = preSolution
		HideSolutionNode = FALSE
	EndGlobalSection
EndGlobal
